
Microsoft Visual Studio Solution File, Format Version 12.00
# Visual Studio Version 17
VisualStudioVersion = 17.3.32825.248
MinimumVisualStudioVersion = 10.0.40219.1
Project("{8BC9CEB8-8B4A-11D0-8D11-00A0C91BC942}") = "猜数字的实现", "猜数字的实现\猜数字的实现.vcxproj", "{95AF26FE-8B0D-40CD-BAC3-7441764386BF}"
EndProject
Global
	GlobalSection(SolutionConfigurationPlatforms) = preSolution
		Debug|x64 = Debug|x64
		Debug|x86 = Debug|x86
		Release|x64 = Release|x64
		Release|x86 = Release|x86
	EndGlobalSection
	GlobalSection(ProjectConfigurationPlatforms) = postSolution
		{95AF26FE-8B0D-40CD-BAC3-7441764386BF}.Debug|x64.ActiveCfg = Debug|x64
		{95AF26FE-8B0D-40CD-BAC3-7441764386BF}.Debug|x64.Build.0 = Debug|x64
		{95AF26FE-8B0D-40CD-BAC3-7441764386BF}.Debug|x86.ActiveCfg = Debug|Win32
		{95AF26FE-8B0D-40CD-BAC3-7441764386BF}.Debug|x86.Build.0 = Debug|Win32
		{95AF26FE-8B0D-40CD-BAC3-7441764386BF}.Release|x64.ActiveCfg = Release|x64
		{95AF26FE-8B0D-40CD-BAC3-7441764386BF}.Release|x64.Build.0 = Release|x64
		{95AF26FE-8B0D-40CD-BAC3-7441764386BF}.Release|x86.ActiveCfg = Release|Win32
		{95AF26FE-8B0D-40CD-BAC3-7441764386BF}.Release|x86.Build.0 = Release|Win32
	EndGlobalSection
	GlobalSection(SolutionProperties) = preSolution
		HideSolutionNode = FALSE
	EndGlobalSection
	GlobalSection(ExtensibilityGlobals) = postSolution
		SolutionGuid = {65BBB655-B6FE-47CE-86DA-126932BCDD74}
	EndGlobalSection
EndGlobal
