
Microsoft Visual Studio Solution File, Format Version 12.00
# Visual Studio Version 17
VisualStudioVersion = 17.7.34202.233
MinimumVisualStudioVersion = 10.0.40219.1
Project("{8BC9CEB8-8B4A-11D0-8D11-00A0C91BC942}") = "实现定长内存池", "实现定长内存池.vcxproj", "{B0744398-A94F-4FCD-8C75-339C79A5A0CC}"
EndProject
Global
	GlobalSection(SolutionConfigurationPlatforms) = preSolution
		Debug|x64 = Debug|x64
		Debug|x86 = Debug|x86
		Release|x64 = Release|x64
		Release|x86 = Release|x86
	EndGlobalSection
	GlobalSection(ProjectConfigurationPlatforms) = postSolution
		{B0744398-A94F-4FCD-8C75-339C79A5A0CC}.Debug|x64.ActiveCfg = Debug|x64
		{B0744398-A94F-4FCD-8C75-339C79A5A0CC}.Debug|x64.Build.0 = Debug|x64
		{B0744398-A94F-4FCD-8C75-339C79A5A0CC}.Debug|x86.ActiveCfg = Debug|Win32
		{B0744398-A94F-4FCD-8C75-339C79A5A0CC}.Debug|x86.Build.0 = Debug|Win32
		{B0744398-A94F-4FCD-8C75-339C79A5A0CC}.Release|x64.ActiveCfg = Release|x64
		{B0744398-A94F-4FCD-8C75-339C79A5A0CC}.Release|x64.Build.0 = Release|x64
		{B0744398-A94F-4FCD-8C75-339C79A5A0CC}.Release|x86.ActiveCfg = Release|Win32
		{B0744398-A94F-4FCD-8C75-339C79A5A0CC}.Release|x86.Build.0 = Release|Win32
	EndGlobalSection
	GlobalSection(SolutionProperties) = preSolution
		HideSolutionNode = FALSE
	EndGlobalSection
	GlobalSection(ExtensibilityGlobals) = postSolution
		SolutionGuid = {CF08DCDD-BAA2-4A4F-B851-0D6177C9B5CA}
	EndGlobalSection
EndGlobal
