
Microsoft Visual Studio Solution File, Format Version 12.00
# Visual Studio Version 17
VisualStudioVersion = 17.7.34009.444
MinimumVisualStudioVersion = 10.0.40219.1
Project("{8BC9CEB8-8B4A-11D0-8D11-00A0C91BC942}") = "图", "图.vcxproj", "{1CAAE546-FB83-4342-8BFF-907F5CCDF42C}"
EndProject
Global
	GlobalSection(SolutionConfigurationPlatforms) = preSolution
		Debug|x64 = Debug|x64
		Debug|x86 = Debug|x86
		Release|x64 = Release|x64
		Release|x86 = Release|x86
	EndGlobalSection
	GlobalSection(ProjectConfigurationPlatforms) = postSolution
		{1CAAE546-FB83-4342-8BFF-907F5CCDF42C}.Debug|x64.ActiveCfg = Debug|x64
		{1CAAE546-FB83-4342-8BFF-907F5CCDF42C}.Debug|x64.Build.0 = Debug|x64
		{1CAAE546-FB83-4342-8BFF-907F5CCDF42C}.Debug|x86.ActiveCfg = Debug|Win32
		{1CAAE546-FB83-4342-8BFF-907F5CCDF42C}.Debug|x86.Build.0 = Debug|Win32
		{1CAAE546-FB83-4342-8BFF-907F5CCDF42C}.Release|x64.ActiveCfg = Release|x64
		{1CAAE546-FB83-4342-8BFF-907F5CCDF42C}.Release|x64.Build.0 = Release|x64
		{1CAAE546-FB83-4342-8BFF-907F5CCDF42C}.Release|x86.ActiveCfg = Release|Win32
		{1CAAE546-FB83-4342-8BFF-907F5CCDF42C}.Release|x86.Build.0 = Release|Win32
	EndGlobalSection
	GlobalSection(SolutionProperties) = preSolution
		HideSolutionNode = FALSE
	EndGlobalSection
	GlobalSection(ExtensibilityGlobals) = postSolution
		SolutionGuid = {7517C72B-9BF6-467D-BE66-A6DDB0DD252C}
	EndGlobalSection
EndGlobal
